
Microsoft Visual Studio Solution File, Format Version 12.00
# Visual Studio Version 17
VisualStudioVersion = 17.14.36511.14 d17.14
MinimumVisualStudioVersion = 10.0.40219.1
Project("{FAE04EC0-301F-11D3-BF4B-00C04F79EFBC}") = "DSFix", "DSFix\DSFix.csproj", "{4868C6E3-AC18-4ED6-A941-F21664BFD0DC}"
EndProject
Global
	GlobalSection(SolutionConfigurationPlatforms) = preSolution
		Debug|Any CPU = Debug|Any CPU
		Debug|x64 = Debug|x64
		Release|Any CPU = Release|Any CPU
		Release|x64 = Release|x64
	EndGlobalSection
	GlobalSection(ProjectConfigurationPlatforms) = postSolution
		{4868C6E3-AC18-4ED6-A941-F21664BFD0DC}.Debug|Any CPU.ActiveCfg = Debug|Any CPU
		{4868C6E3-AC18-4ED6-A941-F21664BFD0DC}.Debug|Any CPU.Build.0 = Debug|Any CPU
		{4868C6E3-AC18-4ED6-A941-F21664BFD0DC}.Debug|x64.ActiveCfg = Debug|x64
		{4868C6E3-AC18-4ED6-A941-F21664BFD0DC}.Debug|x64.Build.0 = Debug|x64
		{4868C6E3-AC18-4ED6-A941-F21664BFD0DC}.Release|Any CPU.ActiveCfg = Release|Any CPU
		{4868C6E3-AC18-4ED6-A941-F21664BFD0DC}.Release|Any CPU.Build.0 = Release|Any CPU
		{4868C6E3-AC18-4ED6-A941-F21664BFD0DC}.Release|x64.ActiveCfg = Release|x64
		{4868C6E3-AC18-4ED6-A941-F21664BFD0DC}.Release|x64.Build.0 = Release|x64
	EndGlobalSection
	GlobalSection(SolutionProperties) = preSolution
		HideSolutionNode = FALSE
	EndGlobalSection
	GlobalSection(ExtensibilityGlobals) = postSolution
		SolutionGuid = {221412C9-F06B-4714-9842-D00C6D387494}
	EndGlobalSection
EndGlobal
